
Microsoft Visual Studio Solution File, Format Version 12.00
# Visual Studio Version 16
VisualStudioVersion = 16.0.29519.87
MinimumVisualStudioVersion = 10.0.40219.1
Project("{FAE04EC0-301F-11D3-BF4B-00C04F79EFBC}") = "Api", "Api\Api.csproj", "{8BDDDC6E-835B-4261-A841-1FB1BD1C1AAA}"
EndProject
Project("{FAE04EC0-301F-11D3-BF4B-00C04F79EFBC}") = "Core", "Core\Core.csproj", "{EA0E60AD-BF04-403B-ACC9-96924A69186B}"
EndProject
Project("{FAE04EC0-301F-11D3-BF4B-00C04F79EFBC}") = "Data", "Data\Data.csproj", "{58DD34F6-44E6-447E-9426-D30C3D714611}"
EndProject
Global
	GlobalSection(SolutionConfigurationPlatforms) = preSolution
		Debug|Any CPU = Debug|Any CPU
		Release|Any CPU = Release|Any CPU
	EndGlobalSection
	GlobalSection(ProjectConfigurationPlatforms) = postSolution
		{8BDDDC6E-835B-4261-A841-1FB1BD1C1AAA}.Debug|Any CPU.ActiveCfg = Debug|Any CPU
		{8BDDDC6E-835B-4261-A841-1FB1BD1C1AAA}.Debug|Any CPU.Build.0 = Debug|Any CPU
		{8BDDDC6E-835B-4261-A841-1FB1BD1C1AAA}.Release|Any CPU.ActiveCfg = Release|Any CPU
		{8BDDDC6E-835B-4261-A841-1FB1BD1C1AAA}.Release|Any CPU.Build.0 = Release|Any CPU
		{EA0E60AD-BF04-403B-ACC9-96924A69186B}.Debug|Any CPU.ActiveCfg = Debug|Any CPU
		{EA0E60AD-BF04-403B-ACC9-96924A69186B}.Debug|Any CPU.Build.0 = Debug|Any CPU
		{EA0E60AD-BF04-403B-ACC9-96924A69186B}.Release|Any CPU.ActiveCfg = Release|Any CPU
		{EA0E60AD-BF04-403B-ACC9-96924A69186B}.Release|Any CPU.Build.0 = Release|Any CPU
		{58DD34F6-44E6-447E-9426-D30C3D714611}.Debug|Any CPU.ActiveCfg = Debug|Any CPU
		{58DD34F6-44E6-447E-9426-D30C3D714611}.Debug|Any CPU.Build.0 = Debug|Any CPU
		{58DD34F6-44E6-447E-9426-D30C3D714611}.Release|Any CPU.ActiveCfg = Release|Any CPU
		{58DD34F6-44E6-447E-9426-D30C3D714611}.Release|Any CPU.Build.0 = Release|Any CPU
	EndGlobalSection
	GlobalSection(SolutionProperties) = preSolution
		HideSolutionNode = FALSE
	EndGlobalSection
	GlobalSection(ExtensibilityGlobals) = postSolution
		SolutionGuid = {368D59A8-8DBC-4029-BB5A-C434152AAC2C}
	EndGlobalSection
EndGlobal
